
Microsoft Visual Studio Solution File, Format Version 12.00
# Visual Studio Version 16
VisualStudioVersion = 16.0.31702.278
MinimumVisualStudioVersion = 10.0.40219.1
Project("{FAE04EC0-301F-11D3-BF4B-00C04F79EFBC}") = "Hwork8", "Hwork8\Hwork8.csproj", "{A30B6E2E-7878-4584-8B0C-46F46934716A}"
EndProject
Project("{FAE04EC0-301F-11D3-BF4B-00C04F79EFBC}") = "Hwork8.2", "Hwork8.2\Hwork8.2.csproj", "{C72DD2BA-4431-4F7E-80D8-8E6604E8E6CD}"
EndProject
Global
	GlobalSection(SolutionConfigurationPlatforms) = preSolution
		Debug|Any CPU = Debug|Any CPU
		Release|Any CPU = Release|Any CPU
	EndGlobalSection
	GlobalSection(ProjectConfigurationPlatforms) = postSolution
		{A30B6E2E-7878-4584-8B0C-46F46934716A}.Debug|Any CPU.ActiveCfg = Debug|Any CPU
		{A30B6E2E-7878-4584-8B0C-46F46934716A}.Debug|Any CPU.Build.0 = Debug|Any CPU
		{A30B6E2E-7878-4584-8B0C-46F46934716A}.Release|Any CPU.ActiveCfg = Release|Any CPU
		{A30B6E2E-7878-4584-8B0C-46F46934716A}.Release|Any CPU.Build.0 = Release|Any CPU
		{C72DD2BA-4431-4F7E-80D8-8E6604E8E6CD}.Debug|Any CPU.ActiveCfg = Debug|Any CPU
		{C72DD2BA-4431-4F7E-80D8-8E6604E8E6CD}.Debug|Any CPU.Build.0 = Debug|Any CPU
		{C72DD2BA-4431-4F7E-80D8-8E6604E8E6CD}.Release|Any CPU.ActiveCfg = Release|Any CPU
		{C72DD2BA-4431-4F7E-80D8-8E6604E8E6CD}.Release|Any CPU.Build.0 = Release|Any CPU
	EndGlobalSection
	GlobalSection(SolutionProperties) = preSolution
		HideSolutionNode = FALSE
	EndGlobalSection
	GlobalSection(ExtensibilityGlobals) = postSolution
		SolutionGuid = {CF61ABB8-1913-4767-B4DA-E791224D8D14}
	EndGlobalSection
EndGlobal
